
Microsoft Visual Studio Solution File, Format Version 12.00
# Visual Studio Version 16
VisualStudioVersion = 16.0.29920.165
MinimumVisualStudioVersion = 10.0.40219.1
Project("{888888A0-9F3D-457C-B088-3A5042F75D52}") = "PythonApplicationReptiles", "PythonApplicationReptiles\PythonApplicationReptiles.pyproj", "{954CF45C-5D26-4044-9269-3912DA2BA7F1}"
EndProject
Global
	GlobalSection(SolutionConfigurationPlatforms) = preSolution
		Debug|Any CPU = Debug|Any CPU
		Release|Any CPU = Release|Any CPU
	EndGlobalSection
	GlobalSection(ProjectConfigurationPlatforms) = postSolution
		{954CF45C-5D26-4044-9269-3912DA2BA7F1}.Debug|Any CPU.ActiveCfg = Debug|Any CPU
		{954CF45C-5D26-4044-9269-3912DA2BA7F1}.Release|Any CPU.ActiveCfg = Release|Any CPU
	EndGlobalSection
	GlobalSection(SolutionProperties) = preSolution
		HideSolutionNode = FALSE
	EndGlobalSection
	GlobalSection(ExtensibilityGlobals) = postSolution
		SolutionGuid = {C12B2D5F-4969-4A4C-A447-7B849828DEF9}
	EndGlobalSection
EndGlobal
